
Microsoft Visual Studio Solution File, Format Version 12.00
# Visual Studio Version 17
VisualStudioVersion = 17.5.001.0
MinimumVisualStudioVersion = 10.0.40219.1
Project("{9A19103F-16F7-4668-BE54-9A1E7A4F7556}") = "es-manage.api", "es-manage.api.csproj", "{D463EB1D-EE80-47DD-A0C8-0C1DAF808907}"
EndProject
Global
	GlobalSection(SolutionConfigurationPlatforms) = preSolution
		Debug|Any CPU = Debug|Any CPU
		Release|Any CPU = Release|Any CPU
	EndGlobalSection
	GlobalSection(ProjectConfigurationPlatforms) = postSolution
		{D463EB1D-EE80-47DD-A0C8-0C1DAF808907}.Debug|Any CPU.ActiveCfg = Debug|Any CPU
		{D463EB1D-EE80-47DD-A0C8-0C1DAF808907}.Debug|Any CPU.Build.0 = Debug|Any CPU
		{D463EB1D-EE80-47DD-A0C8-0C1DAF808907}.Release|Any CPU.ActiveCfg = Release|Any CPU
		{D463EB1D-EE80-47DD-A0C8-0C1DAF808907}.Release|Any CPU.Build.0 = Release|Any CPU
	EndGlobalSection
	GlobalSection(SolutionProperties) = preSolution
		HideSolutionNode = FALSE
	EndGlobalSection
	GlobalSection(ExtensibilityGlobals) = postSolution
		SolutionGuid = {203CDD0A-0EC5-4558-8CCD-2507D046EA46}
	EndGlobalSection
EndGlobal
